{
    "_readme": [
        "This file locks the dependencies of your project to a known state",
        "Read more about it at https://getcomposer.org/doc/01-basic-usage.md#installing-dependencies",
        "This file is @generated automatically"
    ],
    "content-hash": "37a10b151f9df5ef026c3c10a617bae9",
    "packages": [
        {
            "name": "phpnomad/cache",
            "version": "1.0.2",
            "source": {
                "type": "git",
                "url": "https://github.com/phpnomad/cache.git",
                "reference": "5304a5cc0444e7ee3171b9dad43ee2d563e40a09"
            },
            "dist": {
                "type": "zip",
                "url": "https://api.github.com/repos/phpnomad/cache/zipball/5304a5cc0444e7ee3171b9dad43ee2d563e40a09",
                "reference": "5304a5cc0444e7ee3171b9dad43ee2d563e40a09",
                "shasum": ""
            },
            "require": {
                "phpnomad/enum-polyfill": "^1.0",
                "phpnomad/logger": "^1.0",
                "phpnomad/utils": "^1.0"
            },
            "require-dev": {
                "phpnomad/tests": "^0.1.0 || ^0.3.0"
            },
            "type": "library",
            "autoload": {
                "psr-4": {
                    "PHPNomad\\Cache\\": "lib/"
                }
            },
            "notification-url": "https://packagist.org/downloads/",
            "license": [
                "MIT"
            ],
            "authors": [
                {
                    "name": "Alex Standiford",
                    "email": "alex@standiford.us"
                }
            ],
            "homepage": "https://github.com/phpnomad/core",
            "support": {
                "issues": "https://github.com/phpnomad/cache/issues",
                "source": "https://github.com/phpnomad/cache/tree/1.0.2"
            },
            "time": "2025-01-15T11:37:08+00:00"
        },
        {
            "name": "phpnomad/datastore",
            "version": "2.0.0",
            "source": {
                "type": "git",
                "url": "https://github.com/phpnomad/datastore.git",
                "reference": "1fcee29c6bf8e29ca490c86f21e0bb49b3f70d9f"
            },
            "dist": {
                "type": "zip",
                "url": "https://api.github.com/repos/phpnomad/datastore/zipball/1fcee29c6bf8e29ca490c86f21e0bb49b3f70d9f",
                "reference": "1fcee29c6bf8e29ca490c86f21e0bb49b3f70d9f",
                "shasum": ""
            },
            "require-dev": {
                "phpnomad/tests": "^0.1.0 || ^0.3.0"
            },
            "type": "library",
            "autoload": {
                "psr-4": {
                    "PHPNomad\\Datastore\\": "lib/"
                }
            },
            "notification-url": "https://packagist.org/downloads/",
            "license": [
                "MIT"
            ],
            "authors": [
                {
                    "name": "Alex Standiford",
                    "email": "alex@standiford.us"
                }
            ],
            "homepage": "https://github.com/phpnomad/core",
            "support": {
                "issues": "https://github.com/phpnomad/datastore/issues",
                "source": "https://github.com/phpnomad/datastore/tree/2.0.0"
            },
            "time": "2024-12-28T14:35:23+00:00"
        },
        {
            "name": "phpnomad/db",
            "version": "2.0.1",
            "source": {
                "type": "git",
                "url": "https://github.com/phpnomad/db.git",
                "reference": "d15e7b0d113d976be82983c87df666bb39da670c"
            },
            "dist": {
                "type": "zip",
                "url": "https://api.github.com/repos/phpnomad/db/zipball/d15e7b0d113d976be82983c87df666bb39da670c",
                "reference": "d15e7b0d113d976be82983c87df666bb39da670c",
                "shasum": ""
            },
            "require": {
                "phpnomad/cache": "^1.0",
                "phpnomad/datastore": "^2.0",
                "phpnomad/logger": "^1.0",
                "phpnomad/singleton": "^1.0",
                "phpnomad/utils": "^1.0"
            },
            "require-dev": {
                "phpnomad/tests": "^0.1.0 || ^0.3.0"
            },
            "type": "library",
            "autoload": {
                "psr-4": {
                    "PHPNomad\\Database\\": "lib/"
                }
            },
            "notification-url": "https://packagist.org/downloads/",
            "license": [
                "MIT"
            ],
            "authors": [
                {
                    "name": "Alex Standiford",
                    "email": "alex@standiford.us"
                }
            ],
            "homepage": "https://github.com/phpnomad/core",
            "support": {
                "issues": "https://github.com/phpnomad/db/issues",
                "source": "https://github.com/phpnomad/db/tree/2.0.1"
            },
            "time": "2025-01-15T11:34:31+00:00"
        },
        {
            "name": "phpnomad/di",
            "version": "1.0.0",
            "source": {
                "type": "git",
                "url": "https://github.com/phpnomad/di.git",
                "reference": "e1719564d580062ae5369b364ab1c8fd3acb2e53"
            },
            "dist": {
                "type": "zip",
                "url": "https://api.github.com/repos/phpnomad/di/zipball/e1719564d580062ae5369b364ab1c8fd3acb2e53",
                "reference": "e1719564d580062ae5369b364ab1c8fd3acb2e53",
                "shasum": ""
            },
            "require": {
                "phpnomad/utils": "^1.0"
            },
            "require-dev": {
                "phpnomad/tests": "^0.1.0"
            },
            "type": "library",
            "autoload": {
                "psr-4": {
                    "PHPNomad\\Di\\": "lib/"
                }
            },
            "notification-url": "https://packagist.org/downloads/",
            "license": [
                "MIT"
            ],
            "authors": [
                {
                    "name": "Alex Standiford",
                    "email": "alex@standiford.us"
                }
            ],
            "homepage": "https://github.com/phpnomad/core",
            "support": {
                "issues": "https://github.com/phpnomad/di/issues",
                "source": "https://github.com/phpnomad/di/tree/1.0.0"
            },
            "time": "2024-12-18T17:09:23+00:00"
        },
        {
            "name": "phpnomad/enum-polyfill",
            "version": "1.0.1",
            "source": {
                "type": "git",
                "url": "https://github.com/phpnomad/enum-polyfill.git",
                "reference": "0502689aa07ddeff67421ed57120f693f096a6ed"
            },
            "dist": {
                "type": "zip",
                "url": "https://api.github.com/repos/phpnomad/enum-polyfill/zipball/0502689aa07ddeff67421ed57120f693f096a6ed",
                "reference": "0502689aa07ddeff67421ed57120f693f096a6ed",
                "shasum": ""
            },
            "require": {
                "phpnomad/singleton": "^1.0"
            },
            "require-dev": {
                "phpnomad/tests": "^0.1.0 || ^0.3.0"
            },
            "type": "library",
            "autoload": {
                "psr-4": {
                    "PHPNomad\\Enum\\": "lib/"
                }
            },
            "notification-url": "https://packagist.org/downloads/",
            "license": [
                "MIT"
            ],
            "authors": [
                {
                    "name": "Alex Standiford",
                    "email": "alex@standiford.us"
                }
            ],
            "homepage": "https://github.com/phpnomad/core",
            "support": {
                "issues": "https://github.com/phpnomad/enum-polyfill/issues",
                "source": "https://github.com/phpnomad/enum-polyfill/tree/1.0.1"
            },
            "time": "2025-01-13T11:51:33+00:00"
        },
        {
            "name": "phpnomad/event",
            "version": "1.0.0",
            "source": {
                "type": "git",
                "url": "https://github.com/phpnomad/event.git",
                "reference": "c2f8f4c19bfd017086dbffb0510e20b06d7fa533"
            },
            "dist": {
                "type": "zip",
                "url": "https://api.github.com/repos/phpnomad/event/zipball/c2f8f4c19bfd017086dbffb0510e20b06d7fa533",
                "reference": "c2f8f4c19bfd017086dbffb0510e20b06d7fa533",
                "shasum": ""
            },
            "require-dev": {
                "phpnomad/tests": "^0.1.0"
            },
            "type": "library",
            "autoload": {
                "psr-4": {
                    "PHPNomad\\Events\\": "lib/"
                }
            },
            "notification-url": "https://packagist.org/downloads/",
            "license": [
                "MIT"
            ],
            "authors": [
                {
                    "name": "Alex Standiford",
                    "email": "alex@standiford.us"
                }
            ],
            "homepage": "https://github.com/phpnomad/core",
            "support": {
                "issues": "https://github.com/phpnomad/event/issues",
                "source": "https://github.com/phpnomad/event/tree/1.0.0"
            },
            "time": "2024-12-18T17:10:47+00:00"
        },
        {
            "name": "phpnomad/facade",
            "version": "1.0.0",
            "source": {
                "type": "git",
                "url": "https://github.com/phpnomad/facade.git",
                "reference": "225c9a743d7f57410a78d8923a086bda1b6aa2fa"
            },
            "dist": {
                "type": "zip",
                "url": "https://api.github.com/repos/phpnomad/facade/zipball/225c9a743d7f57410a78d8923a086bda1b6aa2fa",
                "reference": "225c9a743d7f57410a78d8923a086bda1b6aa2fa",
                "shasum": ""
            },
            "require-dev": {
                "phpnomad/di": "^1.0",
                "phpnomad/logger": "^1.0",
                "phpnomad/tests": "^0.1.0"
            },
            "type": "library",
            "autoload": {
                "psr-4": {
                    "PHPNomad\\Facade\\": "lib/"
                }
            },
            "notification-url": "https://packagist.org/downloads/",
            "license": [
                "MIT"
            ],
            "authors": [
                {
                    "name": "Alex Standiford",
                    "email": "alex@standiford.us"
                }
            ],
            "homepage": "https://github.com/phpnomad/core",
            "support": {
                "issues": "https://github.com/phpnomad/facade/issues",
                "source": "https://github.com/phpnomad/facade/tree/1.0.0"
            },
            "time": "2024-12-18T17:11:21+00:00"
        },
        {
            "name": "phpnomad/loader",
            "version": "1.0.2",
            "source": {
                "type": "git",
                "url": "https://github.com/phpnomad/loader.git",
                "reference": "a0f9e15cddfa9671fc1ee6ff58c06c04f6634d65"
            },
            "dist": {
                "type": "zip",
                "url": "https://api.github.com/repos/phpnomad/loader/zipball/a0f9e15cddfa9671fc1ee6ff58c06c04f6634d65",
                "reference": "a0f9e15cddfa9671fc1ee6ff58c06c04f6634d65",
                "shasum": ""
            },
            "require": {
                "phpnomad/di": "^1.0",
                "phpnomad/facade": "^1.0",
                "phpnomad/mutator": "^1.0",
                "phpnomad/update": "^1.0",
                "phpnomad/utils": "^1.0"
            },
            "require-dev": {
                "phpnomad/tests": "^0.1.0 || ^0.3.0"
            },
            "type": "library",
            "autoload": {
                "psr-4": {
                    "PHPNomad\\Loader\\": "lib/"
                }
            },
            "notification-url": "https://packagist.org/downloads/",
            "license": [
                "MIT"
            ],
            "authors": [
                {
                    "name": "Alex Standiford",
                    "email": "alex@standiford.us"
                }
            ],
            "homepage": "https://github.com/phpnomad/core",
            "support": {
                "issues": "https://github.com/phpnomad/loader/issues",
                "source": "https://github.com/phpnomad/loader/tree/1.0.2"
            },
            "time": "2025-04-15T10:04:30+00:00"
        },
        {
            "name": "phpnomad/logger",
            "version": "1.0.0",
            "source": {
                "type": "git",
                "url": "https://github.com/phpnomad/logger.git",
                "reference": "4d6de87bc06ad5a70668578fa80bf9cd68fc58ec"
            },
            "dist": {
                "type": "zip",
                "url": "https://api.github.com/repos/phpnomad/logger/zipball/4d6de87bc06ad5a70668578fa80bf9cd68fc58ec",
                "reference": "4d6de87bc06ad5a70668578fa80bf9cd68fc58ec",
                "shasum": ""
            },
            "require-dev": {
                "phpnomad/di": "^1.0",
                "phpnomad/facade": "^1.0",
                "phpnomad/singleton": "^1.0",
                "phpnomad/tests": "^0.1.0"
            },
            "type": "library",
            "autoload": {
                "psr-4": {
                    "PHPNomad\\Logger\\": "lib/"
                }
            },
            "notification-url": "https://packagist.org/downloads/",
            "license": [
                "MIT"
            ],
            "authors": [
                {
                    "name": "Alex Standiford",
                    "email": "alex@standiford.us"
                }
            ],
            "homepage": "https://github.com/phpnomad/core",
            "support": {
                "issues": "https://github.com/phpnomad/logger/issues",
                "source": "https://github.com/phpnomad/logger/tree/1.0.0"
            },
            "time": "2024-12-18T17:18:00+00:00"
        },
        {
            "name": "phpnomad/mutator",
            "version": "1.0.0",
            "source": {
                "type": "git",
                "url": "https://github.com/phpnomad/mutator.git",
                "reference": "04aea2dc50fa71a4e2e0c10efe7b38991d4c3d5f"
            },
            "dist": {
                "type": "zip",
                "url": "https://api.github.com/repos/phpnomad/mutator/zipball/04aea2dc50fa71a4e2e0c10efe7b38991d4c3d5f",
                "reference": "04aea2dc50fa71a4e2e0c10efe7b38991d4c3d5f",
                "shasum": ""
            },
            "require-dev": {
                "phpnomad/tests": "^0.1.0"
            },
            "type": "library",
            "autoload": {
                "psr-4": {
                    "PHPNomad\\Mutator\\": "lib/"
                }
            },
            "notification-url": "https://packagist.org/downloads/",
            "license": [
                "MIT"
            ],
            "authors": [
                {
                    "name": "Alex Standiford",
                    "email": "alex@standiford.us"
                }
            ],
            "homepage": "https://github.com/phoenix/core",
            "support": {
                "issues": "https://github.com/phpnomad/mutator/issues",
                "source": "https://github.com/phpnomad/mutator/tree/1.0.0"
            },
            "time": "2024-12-18T17:18:31+00:00"
        },
        {
            "name": "phpnomad/singleton",
            "version": "1.0.0",
            "source": {
                "type": "git",
                "url": "https://github.com/phpnomad/singleton.git",
                "reference": "1770888712eec6d72c2e6f962d384fe6a2fb8307"
            },
            "dist": {
                "type": "zip",
                "url": "https://api.github.com/repos/phpnomad/singleton/zipball/1770888712eec6d72c2e6f962d384fe6a2fb8307",
                "reference": "1770888712eec6d72c2e6f962d384fe6a2fb8307",
                "shasum": ""
            },
            "require-dev": {
                "phpnomad/tests": "^0.1.0"
            },
            "type": "library",
            "autoload": {
                "psr-4": {
                    "PHPNomad\\Singleton\\": "lib/"
                }
            },
            "notification-url": "https://packagist.org/downloads/",
            "license": [
                "MIT"
            ],
            "authors": [
                {
                    "name": "Alex Standiford",
                    "email": "alex@standiford.us"
                }
            ],
            "homepage": "https://github.com/phpnomad/core",
            "support": {
                "issues": "https://github.com/phpnomad/singleton/issues",
                "source": "https://github.com/phpnomad/singleton/tree/1.0.0"
            },
            "time": "2024-12-18T17:25:13+00:00"
        },
        {
            "name": "phpnomad/update",
            "version": "1.0.0",
            "source": {
                "type": "git",
                "url": "https://github.com/phpnomad/update.git",
                "reference": "5f9921daa3c95074ba2f60b78856bb3d65a39c85"
            },
            "dist": {
                "type": "zip",
                "url": "https://api.github.com/repos/phpnomad/update/zipball/5f9921daa3c95074ba2f60b78856bb3d65a39c85",
                "reference": "5f9921daa3c95074ba2f60b78856bb3d65a39c85",
                "shasum": ""
            },
            "require": {
                "phpnomad/event": "^1.0"
            },
            "require-dev": {
                "phpnomad/tests": "^0.1.0"
            },
            "type": "library",
            "autoload": {
                "psr-4": {
                    "PHPNomad\\Update\\": "lib/"
                }
            },
            "notification-url": "https://packagist.org/downloads/",
            "license": [
                "MIT"
            ],
            "authors": [
                {
                    "name": "Alex Standiford",
                    "email": "alex@standiford.us"
                }
            ],
            "homepage": "https://github.com/phpnomad/update",
            "support": {
                "issues": "https://github.com/phpnomad/update/issues",
                "source": "https://github.com/phpnomad/update/tree/1.0.0"
            },
            "time": "2024-12-18T17:29:08+00:00"
        },
        {
            "name": "phpnomad/utils",
            "version": "1.0.0",
            "source": {
                "type": "git",
                "url": "https://github.com/phpnomad/utils.git",
                "reference": "1bdcf8437fd1143737425c57c1b01dccd5ca0652"
            },
            "dist": {
                "type": "zip",
                "url": "https://api.github.com/repos/phpnomad/utils/zipball/1bdcf8437fd1143737425c57c1b01dccd5ca0652",
                "reference": "1bdcf8437fd1143737425c57c1b01dccd5ca0652",
                "shasum": ""
            },
            "require-dev": {
                "phpnomad/tests": "^0.1.0"
            },
            "type": "library",
            "autoload": {
                "psr-4": {
                    "PHPNomad\\Utils\\": "lib/"
                }
            },
            "notification-url": "https://packagist.org/downloads/",
            "license": [
                "MIT"
            ],
            "authors": [
                {
                    "name": "Alex Standiford",
                    "email": "alex@standiford.us"
                }
            ],
            "homepage": "https://github.com/phpnomad/core",
            "support": {
                "issues": "https://github.com/phpnomad/utils/issues",
                "source": "https://github.com/phpnomad/utils/tree/1.0.0"
            },
            "time": "2024-12-18T17:29:56+00:00"
        }
    ],
    "packages-dev": [],
    "aliases": [],
    "minimum-stability": "stable",
    "stability-flags": [],
    "prefer-stable": false,
    "prefer-lowest": false,
    "platform": [],
    "platform-dev": [],
    "plugin-api-version": "2.3.0"
}
